
Microsoft Visual Studio Solution File, Format Version 12.00
# Visual Studio Version 16
VisualStudioVersion = 16.0.30320.27
MinimumVisualStudioVersion = 10.0.40219.1
Project("{9A19103F-16F7-4668-BE54-9A1E7A4F7556}") = "boticario.Domain", "boticario.Domain\boticario.Domain.csproj", "{4C2F553D-7BEA-465E-B941-0C042514BC5E}"
EndProject
Project("{FAE04EC0-301F-11D3-BF4B-00C04F79EFBC}") = "boticario.DAL", "boticario.DAL\boticario.DAL.csproj", "{55D0467E-C5CC-44FB-B0EF-5118C09E4178}"
EndProject
Project("{FAE04EC0-301F-11D3-BF4B-00C04F79EFBC}") = "boticario.Business", "boticario.Business\boticario.Business.csproj", "{1112FCAE-585E-4B59-A480-E1205C30256C}"
EndProject
Global
	GlobalSection(SolutionConfigurationPlatforms) = preSolution
		Debug|Any CPU = Debug|Any CPU
		Release|Any CPU = Release|Any CPU
	EndGlobalSection
	GlobalSection(ProjectConfigurationPlatforms) = postSolution
		{4C2F553D-7BEA-465E-B941-0C042514BC5E}.Debug|Any CPU.ActiveCfg = Debug|Any CPU
		{4C2F553D-7BEA-465E-B941-0C042514BC5E}.Debug|Any CPU.Build.0 = Debug|Any CPU
		{4C2F553D-7BEA-465E-B941-0C042514BC5E}.Release|Any CPU.ActiveCfg = Release|Any CPU
		{4C2F553D-7BEA-465E-B941-0C042514BC5E}.Release|Any CPU.Build.0 = Release|Any CPU
		{55D0467E-C5CC-44FB-B0EF-5118C09E4178}.Debug|Any CPU.ActiveCfg = Debug|Any CPU
		{55D0467E-C5CC-44FB-B0EF-5118C09E4178}.Debug|Any CPU.Build.0 = Debug|Any CPU
		{55D0467E-C5CC-44FB-B0EF-5118C09E4178}.Release|Any CPU.ActiveCfg = Release|Any CPU
		{55D0467E-C5CC-44FB-B0EF-5118C09E4178}.Release|Any CPU.Build.0 = Release|Any CPU
		{1112FCAE-585E-4B59-A480-E1205C30256C}.Debug|Any CPU.ActiveCfg = Debug|Any CPU
		{1112FCAE-585E-4B59-A480-E1205C30256C}.Debug|Any CPU.Build.0 = Debug|Any CPU
		{1112FCAE-585E-4B59-A480-E1205C30256C}.Release|Any CPU.ActiveCfg = Release|Any CPU
		{1112FCAE-585E-4B59-A480-E1205C30256C}.Release|Any CPU.Build.0 = Release|Any CPU
	EndGlobalSection
	GlobalSection(SolutionProperties) = preSolution
		HideSolutionNode = FALSE
	EndGlobalSection
	GlobalSection(ExtensibilityGlobals) = postSolution
		SolutionGuid = {52EE41FF-6DA8-4AE2-B964-4C11AAE0D771}
	EndGlobalSection
EndGlobal
